
Microsoft Visual Studio Solution File, Format Version 12.00
# Visual Studio Version 17
VisualStudioVersion = 17.8.34408.163
MinimumVisualStudioVersion = 10.0.40219.1
Project("{FAE04EC0-301F-11D3-BF4B-00C04F79EFBC}") = "1302223107_mod3", "1302223107_mod3\1302223107_mod3.csproj", "{1F487DCB-5741-4C58-A298-6839DDC3C596}"
EndProject
Global
	GlobalSection(SolutionConfigurationPlatforms) = preSolution
		Debug|Any CPU = Debug|Any CPU
		Release|Any CPU = Release|Any CPU
	EndGlobalSection
	GlobalSection(ProjectConfigurationPlatforms) = postSolution
		{1F487DCB-5741-4C58-A298-6839DDC3C596}.Debug|Any CPU.ActiveCfg = Debug|Any CPU
		{1F487DCB-5741-4C58-A298-6839DDC3C596}.Debug|Any CPU.Build.0 = Debug|Any CPU
		{1F487DCB-5741-4C58-A298-6839DDC3C596}.Release|Any CPU.ActiveCfg = Release|Any CPU
		{1F487DCB-5741-4C58-A298-6839DDC3C596}.Release|Any CPU.Build.0 = Release|Any CPU
	EndGlobalSection
	GlobalSection(SolutionProperties) = preSolution
		HideSolutionNode = FALSE
	EndGlobalSection
	GlobalSection(ExtensibilityGlobals) = postSolution
		SolutionGuid = {06FE8EA0-0B00-4B5F-8949-95AFCD9B364A}
	EndGlobalSection
EndGlobal
